
Microsoft Visual Studio Solution File, Format Version 12.00
# Visual Studio Version 16
VisualStudioVersion = 16.0.28922.388
MinimumVisualStudioVersion = 10.0.40219.1
Project("{FAE04EC0-301F-11D3-BF4B-00C04F79EFBC}") = "USTBnet", "USTBnet.csproj", "{15BC74F9-C614-42AB-A746-A8F71C3BD0B0}"
EndProject
Global
	GlobalSection(SolutionConfigurationPlatforms) = preSolution
		Debug|Any CPU = Debug|Any CPU
		Release|Any CPU = Release|Any CPU
	EndGlobalSection
	GlobalSection(ProjectConfigurationPlatforms) = postSolution
		{15BC74F9-C614-42AB-A746-A8F71C3BD0B0}.Debug|Any CPU.ActiveCfg = Debug|Any CPU
		{15BC74F9-C614-42AB-A746-A8F71C3BD0B0}.Debug|Any CPU.Build.0 = Debug|Any CPU
		{15BC74F9-C614-42AB-A746-A8F71C3BD0B0}.Release|Any CPU.ActiveCfg = Release|Any CPU
		{15BC74F9-C614-42AB-A746-A8F71C3BD0B0}.Release|Any CPU.Build.0 = Release|Any CPU
	EndGlobalSection
	GlobalSection(SolutionProperties) = preSolution
		HideSolutionNode = FALSE
	EndGlobalSection
	GlobalSection(ExtensibilityGlobals) = postSolution
		SolutionGuid = {BF37ABBD-AE50-4BC6-BAF7-06BBFB34624F}
	EndGlobalSection
EndGlobal
